
Microsoft Visual Studio Solution File, Format Version 12.00
# Visual Studio Version 16
VisualStudioVersion = 16.0.31624.102
MinimumVisualStudioVersion = 10.0.40219.1
Project("{FAE04EC0-301F-11D3-BF4B-00C04F79EFBC}") = "UnitTesting", "UnitTesting.csproj", "{764F384B-C800-47CC-B794-62C0AFB621CC}"
EndProject
Project("{FAE04EC0-301F-11D3-BF4B-00C04F79EFBC}") = "AlbumTest", "..\AlbumTest\AlbumTest.csproj", "{0A006D1B-2FAB-4DF5-AC4A-5A6D0A5AE81F}"
EndProject
Global
	GlobalSection(SolutionConfigurationPlatforms) = preSolution
		Debug|Any CPU = Debug|Any CPU
		Debug|x64 = Debug|x64
		Debug|x86 = Debug|x86
		Release|Any CPU = Release|Any CPU
		Release|x64 = Release|x64
		Release|x86 = Release|x86
	EndGlobalSection
	GlobalSection(ProjectConfigurationPlatforms) = postSolution
		{764F384B-C800-47CC-B794-62C0AFB621CC}.Debug|Any CPU.ActiveCfg = Debug|Any CPU
		{764F384B-C800-47CC-B794-62C0AFB621CC}.Debug|Any CPU.Build.0 = Debug|Any CPU
		{764F384B-C800-47CC-B794-62C0AFB621CC}.Debug|x64.ActiveCfg = Debug|Any CPU
		{764F384B-C800-47CC-B794-62C0AFB621CC}.Debug|x64.Build.0 = Debug|Any CPU
		{764F384B-C800-47CC-B794-62C0AFB621CC}.Debug|x86.ActiveCfg = Debug|Any CPU
		{764F384B-C800-47CC-B794-62C0AFB621CC}.Debug|x86.Build.0 = Debug|Any CPU
		{764F384B-C800-47CC-B794-62C0AFB621CC}.Release|Any CPU.ActiveCfg = Release|Any CPU
		{764F384B-C800-47CC-B794-62C0AFB621CC}.Release|Any CPU.Build.0 = Release|Any CPU
		{764F384B-C800-47CC-B794-62C0AFB621CC}.Release|x64.ActiveCfg = Release|Any CPU
		{764F384B-C800-47CC-B794-62C0AFB621CC}.Release|x64.Build.0 = Release|Any CPU
		{764F384B-C800-47CC-B794-62C0AFB621CC}.Release|x86.ActiveCfg = Release|Any CPU
		{764F384B-C800-47CC-B794-62C0AFB621CC}.Release|x86.Build.0 = Release|Any CPU
		{0A006D1B-2FAB-4DF5-AC4A-5A6D0A5AE81F}.Debug|Any CPU.ActiveCfg = Debug|Any CPU
		{0A006D1B-2FAB-4DF5-AC4A-5A6D0A5AE81F}.Debug|Any CPU.Build.0 = Debug|Any CPU
		{0A006D1B-2FAB-4DF5-AC4A-5A6D0A5AE81F}.Debug|x64.ActiveCfg = Debug|Any CPU
		{0A006D1B-2FAB-4DF5-AC4A-5A6D0A5AE81F}.Debug|x64.Build.0 = Debug|Any CPU
		{0A006D1B-2FAB-4DF5-AC4A-5A6D0A5AE81F}.Debug|x86.ActiveCfg = Debug|Any CPU
		{0A006D1B-2FAB-4DF5-AC4A-5A6D0A5AE81F}.Debug|x86.Build.0 = Debug|Any CPU
		{0A006D1B-2FAB-4DF5-AC4A-5A6D0A5AE81F}.Release|Any CPU.ActiveCfg = Release|Any CPU
		{0A006D1B-2FAB-4DF5-AC4A-5A6D0A5AE81F}.Release|Any CPU.Build.0 = Release|Any CPU
		{0A006D1B-2FAB-4DF5-AC4A-5A6D0A5AE81F}.Release|x64.ActiveCfg = Release|Any CPU
		{0A006D1B-2FAB-4DF5-AC4A-5A6D0A5AE81F}.Release|x64.Build.0 = Release|Any CPU
		{0A006D1B-2FAB-4DF5-AC4A-5A6D0A5AE81F}.Release|x86.ActiveCfg = Release|Any CPU
		{0A006D1B-2FAB-4DF5-AC4A-5A6D0A5AE81F}.Release|x86.Build.0 = Release|Any CPU
	EndGlobalSection
	GlobalSection(SolutionProperties) = preSolution
		HideSolutionNode = FALSE
	EndGlobalSection
	GlobalSection(ExtensibilityGlobals) = postSolution
		SolutionGuid = {BAE964CB-D800-405C-8C85-BB4886C7E8CE}
	EndGlobalSection
EndGlobal
